// !$*UTF8*$!
{
	archiveVersion = 1;
	classes = {
	};
	objectVersion = 50;
	objects = {

/* Begin PBXBuildFile section */
		6827E0CA23DBF3A4008F60E4 /* AppDelegate.swift in Sources */ = {isa = PBXBuildFile; fileRef = 6827E0C923DBF3A4008F60E4 /* AppDelegate.swift */; };
		6827E0CC23DBF3A4008F60E4 /* SceneDelegate.swift in Sources */ = {isa = PBXBuildFile; fileRef = 6827E0CB23DBF3A4008F60E4 /* SceneDelegate.swift */; };
		6827E0CE23DBF3A4008F60E4 /* HomeView.swift in Sources */ = {isa = PBXBuildFile; fileRef = 6827E0CD23DBF3A4008F60E4 /* HomeView.swift */; };
		6827E0D023DBF3A7008F60E4 /* Assets.xcassets in Resources */ = {isa = PBXBuildFile; fileRef = 6827E0CF23DBF3A7008F60E4 /* Assets.xcassets */; };
		6827E0D323DBF3A7008F60E4 /* Preview Assets.xcassets in Resources */ = {isa = PBXBuildFile; fileRef = 6827E0D223DBF3A7008F60E4 /* Preview Assets.xcassets */; };
		6827E0D623DBF3A7008F60E4 /* LaunchScreen.storyboard in Resources */ = {isa = PBXBuildFile; fileRef = 6827E0D423DBF3A7008F60E4 /* LaunchScreen.storyboard */; };
		6827E0DE23DBF468008F60E4 /* CardView.swift in Sources */ = {isa = PBXBuildFile; fileRef = 6827E0DD23DBF468008F60E4 /* CardView.swift */; };
		6827E0E023DBF491008F60E4 /* Card.swift in Sources */ = {isa = PBXBuildFile; fileRef = 6827E0DF23DBF491008F60E4 /* Card.swift */; };
		6827E0E223DCC458008F60E4 /* db.json in Resources */ = {isa = PBXBuildFile; fileRef = 6827E0E123DCC458008F60E4 /* db.json */; };
		6827E0E423DCC4F0008F60E4 /* HomeViewModel.swift in Sources */ = {isa = PBXBuildFile; fileRef = 6827E0E323DCC4F0008F60E4 /* HomeViewModel.swift */; };
		682D6FF9244CFEA2008F08E7 /* Log.swift in Sources */ = {isa = PBXBuildFile; fileRef = 682D6FF8244CFEA2008F08E7 /* Log.swift */; };
		682D6FFB244D0589008F08E7 /* FramewerkStyle.swift in Sources */ = {isa = PBXBuildFile; fileRef = 682D6FFA244D0589008F08E7 /* FramewerkStyle.swift */; };
		68422C632457B0FB005F7743 /* CardView.swift in Sources */ = {isa = PBXBuildFile; fileRef = 68422C622457B0FB005F7743 /* CardView.swift */; };
		68422C642457B108005F7743 /* Card.swift in Sources */ = {isa = PBXBuildFile; fileRef = 6827E0DF23DBF491008F60E4 /* Card.swift */; };
		68422C662457B120005F7743 /* Log.swift in Sources */ = {isa = PBXBuildFile; fileRef = 682D6FF8244CFEA2008F08E7 /* Log.swift */; };
		68422C672457B12F005F7743 /* HomeViewModel.swift in Sources */ = {isa = PBXBuildFile; fileRef = 6827E0E323DCC4F0008F60E4 /* HomeViewModel.swift */; };
		68422C682457B13F005F7743 /* View+Extensions.swift in Sources */ = {isa = PBXBuildFile; fileRef = 687E5A7F244933220001572F /* View+Extensions.swift */; };
		68422C6A2457B400005F7743 /* WatchifiedCardStore.swift in Sources */ = {isa = PBXBuildFile; fileRef = 68422C692457B400005F7743 /* WatchifiedCardStore.swift */; };
		68422C6B2457B48B005F7743 /* CardStore.swift in Sources */ = {isa = PBXBuildFile; fileRef = 68F08AC62439094A00C4F91B /* CardStore.swift */; };
		68422C6C2457BCCB005F7743 /* db.json in Resources */ = {isa = PBXBuildFile; fileRef = 6827E0E123DCC458008F60E4 /* db.json */; };
		68437074240AA9880018B2F9 /* CardDetail.swift in Sources */ = {isa = PBXBuildFile; fileRef = 68437073240AA9880018B2F9 /* CardDetail.swift */; };
		68437076240AAE120018B2F9 /* TextView+Extensions.swift in Sources */ = {isa = PBXBuildFile; fileRef = 68437075240AAE120018B2F9 /* TextView+Extensions.swift */; };
		686C95F324E371C4006AE2B1 /* HostingController.swift in Sources */ = {isa = PBXBuildFile; fileRef = 686C95F224E371C4006AE2B1 /* HostingController.swift */; };
		687E5A80244933220001572F /* View+Extensions.swift in Sources */ = {isa = PBXBuildFile; fileRef = 687E5A7F244933220001572F /* View+Extensions.swift */; };
		68EAB2CA2408A32C000D0AF1 /* CardList.swift in Sources */ = {isa = PBXBuildFile; fileRef = 68EAB2C92408A32C000D0AF1 /* CardList.swift */; };
		68F06B8A245787EF00DD8DDB /* Interface.storyboard in Resources */ = {isa = PBXBuildFile; fileRef = 68F06B88245787EF00DD8DDB /* Interface.storyboard */; };
		68F06B8C245787F100DD8DDB /* Assets.xcassets in Resources */ = {isa = PBXBuildFile; fileRef = 68F06B8B245787F100DD8DDB /* Assets.xcassets */; };
		68F06B93245787F100DD8DDB /* FramwerkWatch Extension.appex in Embed App Extensions */ = {isa = PBXBuildFile; fileRef = 68F06B92245787F100DD8DDB /* FramwerkWatch Extension.appex */; settings = {ATTRIBUTES = (RemoveHeadersOnCopy, ); }; };
		68F06B98245787F100DD8DDB /* ContentView.swift in Sources */ = {isa = PBXBuildFile; fileRef = 68F06B97245787F100DD8DDB /* ContentView.swift */; };
		68F06B9A245787F100DD8DDB /* HostingController.swift in Sources */ = {isa = PBXBuildFile; fileRef = 68F06B99245787F100DD8DDB /* HostingController.swift */; };
		68F06B9C245787F100DD8DDB /* ExtensionDelegate.swift in Sources */ = {isa = PBXBuildFile; fileRef = 68F06B9B245787F100DD8DDB /* ExtensionDelegate.swift */; };
		68F06B9E245787F100DD8DDB /* NotificationController.swift in Sources */ = {isa = PBXBuildFile; fileRef = 68F06B9D245787F100DD8DDB /* NotificationController.swift */; };
		68F06BA0245787F100DD8DDB /* NotificationView.swift in Sources */ = {isa = PBXBuildFile; fileRef = 68F06B9F245787F100DD8DDB /* NotificationView.swift */; };
		68F06BA2245787F100DD8DDB /* Assets.xcassets in Resources */ = {isa = PBXBuildFile; fileRef = 68F06BA1245787F100DD8DDB /* Assets.xcassets */; };
		68F06BA5245787F100DD8DDB /* Preview Assets.xcassets in Resources */ = {isa = PBXBuildFile; fileRef = 68F06BA4245787F100DD8DDB /* Preview Assets.xcassets */; };
		68F06BAA245787F100DD8DDB /* FramwerkWatch.app in Embed Watch Content */ = {isa = PBXBuildFile; fileRef = 68F06B86245787EF00DD8DDB /* FramwerkWatch.app */; settings = {ATTRIBUTES = (RemoveHeadersOnCopy, ); }; };
		68F08AC52438FE6400C4F91B /* WebView.swift in Sources */ = {isa = PBXBuildFile; fileRef = 68F08AC42438FE6400C4F91B /* WebView.swift */; };
		68F08AC72439094A00C4F91B /* CardStore.swift in Sources */ = {isa = PBXBuildFile; fileRef = 68F08AC62439094A00C4F91B /* CardStore.swift */; };
		68F8B188244E833400C16FE6 /* KeyboardResponder.swift in Sources */ = {isa = PBXBuildFile; fileRef = 68F8B187244E833400C16FE6 /* KeyboardResponder.swift */; };
		68FF65EC2447E3E70019BB24 /* TutorialView.swift in Sources */ = {isa = PBXBuildFile; fileRef = 68FF65EB2447E3E70019BB24 /* TutorialView.swift */; };
/* End PBXBuildFile section */

/* Begin PBXContainerItemProxy section */
		68F06B94245787F100DD8DDB /* PBXContainerItemProxy */ = {
			isa = PBXContainerItemProxy;
			containerPortal = 6827E0BE23DBF3A4008F60E4 /* Project object */;
			proxyType = 1;
			remoteGlobalIDString = 68F06B91245787F100DD8DDB;
			remoteInfo = "FramwerkWatch Extension";
		};
		68F06BA8245787F100DD8DDB /* PBXContainerItemProxy */ = {
			isa = PBXContainerItemProxy;
			containerPortal = 6827E0BE23DBF3A4008F60E4 /* Project object */;
			proxyType = 1;
			remoteGlobalIDString = 68F06B85245787EF00DD8DDB;
			remoteInfo = FramwerkWatch;
		};
/* End PBXContainerItemProxy section */

/* Begin PBXCopyFilesBuildPhase section */
		68F06BAB245787F100DD8DDB /* Embed Watch Content */ = {
			isa = PBXCopyFilesBuildPhase;
			buildActionMask = 2147483647;
			dstPath = "$(CONTENTS_FOLDER_PATH)/Watch";
			dstSubfolderSpec = 16;
			files = (
				68F06BAA245787F100DD8DDB /* FramwerkWatch.app in Embed Watch Content */,
			);
			name = "Embed Watch Content";
			runOnlyForDeploymentPostprocessing = 0;
		};
		68F06BAE245787F100DD8DDB /* Embed App Extensions */ = {
			isa = PBXCopyFilesBuildPhase;
			buildActionMask = 2147483647;
			dstPath = "";
			dstSubfolderSpec = 13;
			files = (
				68F06B93245787F100DD8DDB /* FramwerkWatch Extension.appex in Embed App Extensions */,
			);
			name = "Embed App Extensions";
			runOnlyForDeploymentPostprocessing = 0;
		};
/* End PBXCopyFilesBuildPhase section */

/* Begin PBXFileReference section */
		6827E0C623DBF3A4008F60E4 /* Framewerk.app */ = {isa = PBXFileReference; explicitFileType = wrapper.application; includeInIndex = 0; path = Framewerk.app; sourceTree = BUILT_PRODUCTS_DIR; };
		6827E0C923DBF3A4008F60E4 /* AppDelegate.swift */ = {isa = PBXFileReference; lastKnownFileType = sourcecode.swift; path = AppDelegate.swift; sourceTree = "<group>"; };
		6827E0CB23DBF3A4008F60E4 /* SceneDelegate.swift */ = {isa = PBXFileReference; lastKnownFileType = sourcecode.swift; path = SceneDelegate.swift; sourceTree = "<group>"; };
		6827E0CD23DBF3A4008F60E4 /* HomeView.swift */ = {isa = PBXFileReference; lastKnownFileType = sourcecode.swift; path = HomeView.swift; sourceTree = "<group>"; };
		6827E0CF23DBF3A7008F60E4 /* Assets.xcassets */ = {isa = PBXFileReference; lastKnownFileType = folder.assetcatalog; path = Assets.xcassets; sourceTree = "<group>"; };
		6827E0D223DBF3A7008F60E4 /* Preview Assets.xcassets */ = {isa = PBXFileReference; lastKnownFileType = folder.assetcatalog; path = "Preview Assets.xcassets"; sourceTree = "<group>"; };
		6827E0D523DBF3A7008F60E4 /* Base */ = {isa = PBXFileReference; lastKnownFileType = file.storyboard; name = Base; path = Base.lproj/LaunchScreen.storyboard; sourceTree = "<group>"; };
		6827E0D723DBF3A7008F60E4 /* Info.plist */ = {isa = PBXFileReference; lastKnownFileType = text.plist.xml; path = Info.plist; sourceTree = "<group>"; };
		6827E0DD23DBF468008F60E4 /* CardView.swift */ = {isa = PBXFileReference; lastKnownFileType = sourcecode.swift; path = CardView.swift; sourceTree = "<group>"; };
		6827E0DF23DBF491008F60E4 /* Card.swift */ = {isa = PBXFileReference; lastKnownFileType = sourcecode.swift; path = Card.swift; sourceTree = "<group>"; };
		6827E0E123DCC458008F60E4 /* db.json */ = {isa = PBXFileReference; lastKnownFileType = text.json; path = db.json; sourceTree = "<group>"; };
		6827E0E323DCC4F0008F60E4 /* HomeViewModel.swift */ = {isa = PBXFileReference; lastKnownFileType = sourcecode.swift; path = HomeViewModel.swift; sourceTree = "<group>"; };
		682D6FF8244CFEA2008F08E7 /* Log.swift */ = {isa = PBXFileReference; lastKnownFileType = sourcecode.swift; path = Log.swift; sourceTree = "<group>"; };
		682D6FFA244D0589008F08E7 /* FramewerkStyle.swift */ = {isa = PBXFileReference; lastKnownFileType = sourcecode.swift; path = FramewerkStyle.swift; sourceTree = "<group>"; };
		68422C622457B0FB005F7743 /* CardView.swift */ = {isa = PBXFileReference; lastKnownFileType = sourcecode.swift; path = CardView.swift; sourceTree = "<group>"; };
		68422C692457B400005F7743 /* WatchifiedCardStore.swift */ = {isa = PBXFileReference; lastKnownFileType = sourcecode.swift; path = WatchifiedCardStore.swift; sourceTree = "<group>"; };
		68437073240AA9880018B2F9 /* CardDetail.swift */ = {isa = PBXFileReference; lastKnownFileType = sourcecode.swift; path = CardDetail.swift; sourceTree = "<group>"; };
		68437075240AAE120018B2F9 /* TextView+Extensions.swift */ = {isa = PBXFileReference; lastKnownFileType = sourcecode.swift; path = "TextView+Extensions.swift"; sourceTree = "<group>"; };
		686C95F224E371C4006AE2B1 /* HostingController.swift */ = {isa = PBXFileReference; lastKnownFileType = sourcecode.swift; path = HostingController.swift; sourceTree = "<group>"; };
		687E5A7F244933220001572F /* View+Extensions.swift */ = {isa = PBXFileReference; lastKnownFileType = sourcecode.swift; path = "View+Extensions.swift"; sourceTree = "<group>"; };
		68B89FF52454E63A00EAE50B /* Framewerk.entitlements */ = {isa = PBXFileReference; lastKnownFileType = text.plist.entitlements; path = Framewerk.entitlements; sourceTree = "<group>"; };
		68EAB2C92408A32C000D0AF1 /* CardList.swift */ = {isa = PBXFileReference; lastKnownFileType = sourcecode.swift; path = CardList.swift; sourceTree = "<group>"; };
		68F06B86245787EF00DD8DDB /* FramwerkWatch.app */ = {isa = PBXFileReference; explicitFileType = wrapper.application; includeInIndex = 0; path = FramwerkWatch.app; sourceTree = BUILT_PRODUCTS_DIR; };
		68F06B89245787EF00DD8DDB /* Base */ = {isa = PBXFileReference; lastKnownFileType = file.storyboard; name = Base; path = Base.lproj/Interface.storyboard; sourceTree = "<group>"; };
		68F06B8B245787F100DD8DDB /* Assets.xcassets */ = {isa = PBXFileReference; lastKnownFileType = folder.assetcatalog; path = Assets.xcassets; sourceTree = "<group>"; };
		68F06B8D245787F100DD8DDB /* Info.plist */ = {isa = PBXFileReference; lastKnownFileType = text.plist.xml; path = Info.plist; sourceTree = "<group>"; };
		68F06B92245787F100DD8DDB /* FramwerkWatch Extension.appex */ = {isa = PBXFileReference; explicitFileType = "wrapper.app-extension"; includeInIndex = 0; path = "FramwerkWatch Extension.appex"; sourceTree = BUILT_PRODUCTS_DIR; };
		68F06B97245787F100DD8DDB /* ContentView.swift */ = {isa = PBXFileReference; lastKnownFileType = sourcecode.swift; path = ContentView.swift; sourceTree = "<group>"; };
		68F06B99245787F100DD8DDB /* HostingController.swift */ = {isa = PBXFileReference; lastKnownFileType = sourcecode.swift; path = HostingController.swift; sourceTree = "<group>"; };
		68F06B9B245787F100DD8DDB /* ExtensionDelegate.swift */ = {isa = PBXFileReference; lastKnownFileType = sourcecode.swift; path = ExtensionDelegate.swift; sourceTree = "<group>"; };
		68F06B9D245787F100DD8DDB /* NotificationController.swift */ = {isa = PBXFileReference; lastKnownFileType = sourcecode.swift; path = NotificationController.swift; sourceTree = "<group>"; };
		68F06B9F245787F100DD8DDB /* NotificationView.swift */ = {isa = PBXFileReference; lastKnownFileType = sourcecode.swift; path = NotificationView.swift; sourceTree = "<group>"; };
		68F06BA1245787F100DD8DDB /* Assets.xcassets */ = {isa = PBXFileReference; lastKnownFileType = folder.assetcatalog; path = Assets.xcassets; sourceTree = "<group>"; };
		68F06BA4245787F100DD8DDB /* Preview Assets.xcassets */ = {isa = PBXFileReference; lastKnownFileType = folder.assetcatalog; path = "Preview Assets.xcassets"; sourceTree = "<group>"; };
		68F06BA6245787F100DD8DDB /* Info.plist */ = {isa = PBXFileReference; lastKnownFileType = text.plist.xml; path = Info.plist; sourceTree = "<group>"; };
		68F06BA7245787F100DD8DDB /* PushNotificationPayload.apns */ = {isa = PBXFileReference; lastKnownFileType = text; path = PushNotificationPayload.apns; sourceTree = "<group>"; };
		68F08AC42438FE6400C4F91B /* WebView.swift */ = {isa = PBXFileReference; lastKnownFileType = sourcecode.swift; path = WebView.swift; sourceTree = "<group>"; };
		68F08AC62439094A00C4F91B /* CardStore.swift */ = {isa = PBXFileReference; lastKnownFileType = sourcecode.swift; path = CardStore.swift; sourceTree = "<group>"; };
		68F8B187244E833400C16FE6 /* KeyboardResponder.swift */ = {isa = PBXFileReference; lastKnownFileType = sourcecode.swift; path = KeyboardResponder.swift; sourceTree = "<group>"; };
		68FF65EB2447E3E70019BB24 /* TutorialView.swift */ = {isa = PBXFileReference; lastKnownFileType = sourcecode.swift; path = TutorialView.swift; sourceTree = "<group>"; };
/* End PBXFileReference section */

/* Begin PBXFrameworksBuildPhase section */
		6827E0C323DBF3A4008F60E4 /* Frameworks */ = {
			isa = PBXFrameworksBuildPhase;
			buildActionMask = 2147483647;
			files = (
			);
			runOnlyForDeploymentPostprocessing = 0;
		};
		68F06B8F245787F100DD8DDB /* Frameworks */ = {
			isa = PBXFrameworksBuildPhase;
			buildActionMask = 2147483647;
			files = (
			);
			runOnlyForDeploymentPostprocessing = 0;
		};
/* End PBXFrameworksBuildPhase section */

/* Begin PBXGroup section */
		6827E0BD23DBF3A4008F60E4 = {
			isa = PBXGroup;
			children = (
				6827E0C823DBF3A4008F60E4 /* Framewerk */,
				68F06B87245787EF00DD8DDB /* FramwerkWatch */,
				68F06B96245787F100DD8DDB /* FramwerkWatch Extension */,
				6827E0C723DBF3A4008F60E4 /* Products */,
			);
			sourceTree = "<group>";
		};
		6827E0C723DBF3A4008F60E4 /* Products */ = {
			isa = PBXGroup;
			children = (
				6827E0C623DBF3A4008F60E4 /* Framewerk.app */,
				68F06B86245787EF00DD8DDB /* FramwerkWatch.app */,
				68F06B92245787F100DD8DDB /* FramwerkWatch Extension.appex */,
			);
			name = Products;
			sourceTree = "<group>";
		};
		6827E0C823DBF3A4008F60E4 /* Framewerk */ = {
			isa = PBXGroup;
			children = (
				68B89FF52454E63A00EAE50B /* Framewerk.entitlements */,
				682D6FFE244D09F9008F08E7 /* App */,
				682D6FFD244D09E5008F08E7 /* Representables */,
				682D6FFC244D09BA008F08E7 /* Extensions */,
				6827E0DF23DBF491008F60E4 /* Card.swift */,
				68437073240AA9880018B2F9 /* CardDetail.swift */,
				68EAB2C92408A32C000D0AF1 /* CardList.swift */,
				68F08AC62439094A00C4F91B /* CardStore.swift */,
				6827E0DD23DBF468008F60E4 /* CardView.swift */,
				6827E0E323DCC4F0008F60E4 /* HomeViewModel.swift */,
				6827E0CD23DBF3A4008F60E4 /* HomeView.swift */,
				68FF65EB2447E3E70019BB24 /* TutorialView.swift */,
				68422C692457B400005F7743 /* WatchifiedCardStore.swift */,
				6827E0D123DBF3A7008F60E4 /* Preview Content */,
			);
			path = Framewerk;
			sourceTree = "<group>";
		};
		6827E0D123DBF3A7008F60E4 /* Preview Content */ = {
			isa = PBXGroup;
			children = (
				6827E0D223DBF3A7008F60E4 /* Preview Assets.xcassets */,
			);
			path = "Preview Content";
			sourceTree = "<group>";
		};
		682D6FFC244D09BA008F08E7 /* Extensions */ = {
			isa = PBXGroup;
			children = (
				68F8B187244E833400C16FE6 /* KeyboardResponder.swift */,
				68437075240AAE120018B2F9 /* TextView+Extensions.swift */,
				687E5A7F244933220001572F /* View+Extensions.swift */,
			);
			path = Extensions;
			sourceTree = "<group>";
		};
		682D6FFD244D09E5008F08E7 /* Representables */ = {
			isa = PBXGroup;
			children = (
				68F08AC42438FE6400C4F91B /* WebView.swift */,
			);
			path = Representables;
			sourceTree = "<group>";
		};
		682D6FFE244D09F9008F08E7 /* App */ = {
			isa = PBXGroup;
			children = (
				6827E0CF23DBF3A7008F60E4 /* Assets.xcassets */,
				6827E0C923DBF3A4008F60E4 /* AppDelegate.swift */,
				6827E0E123DCC458008F60E4 /* db.json */,
				682D6FFA244D0589008F08E7 /* FramewerkStyle.swift */,
				686C95F224E371C4006AE2B1 /* HostingController.swift */,
				6827E0D723DBF3A7008F60E4 /* Info.plist */,
				6827E0D423DBF3A7008F60E4 /* LaunchScreen.storyboard */,
				682D6FF8244CFEA2008F08E7 /* Log.swift */,
				6827E0CB23DBF3A4008F60E4 /* SceneDelegate.swift */,
			);
			path = App;
			sourceTree = "<group>";
		};
		68F06B87245787EF00DD8DDB /* FramwerkWatch */ = {
			isa = PBXGroup;
			children = (
				68F06B88245787EF00DD8DDB /* Interface.storyboard */,
				68F06B8B245787F100DD8DDB /* Assets.xcassets */,
				68F06B8D245787F100DD8DDB /* Info.plist */,
			);
			path = FramwerkWatch;
			sourceTree = "<group>";
		};
		68F06B96245787F100DD8DDB /* FramwerkWatch Extension */ = {
			isa = PBXGroup;
			children = (
				68F06B97245787F100DD8DDB /* ContentView.swift */,
				68F06B99245787F100DD8DDB /* HostingController.swift */,
				68F06B9B245787F100DD8DDB /* ExtensionDelegate.swift */,
				68F06B9D245787F100DD8DDB /* NotificationController.swift */,
				68F06B9F245787F100DD8DDB /* NotificationView.swift */,
				68F06BA1245787F100DD8DDB /* Assets.xcassets */,
				68F06BA6245787F100DD8DDB /* Info.plist */,
				68F06BA7245787F100DD8DDB /* PushNotificationPayload.apns */,
				68F06BA3245787F100DD8DDB /* Preview Content */,
				68422C622457B0FB005F7743 /* CardView.swift */,
			);
			path = "FramwerkWatch Extension";
			sourceTree = "<group>";
		};
		68F06BA3245787F100DD8DDB /* Preview Content */ = {
			isa = PBXGroup;
			children = (
				68F06BA4245787F100DD8DDB /* Preview Assets.xcassets */,
			);
			path = "Preview Content";
			sourceTree = "<group>";
		};
/* End PBXGroup section */

/* Begin PBXNativeTarget section */
		6827E0C523DBF3A4008F60E4 /* Framewerk */ = {
			isa = PBXNativeTarget;
			buildConfigurationList = 6827E0DA23DBF3A7008F60E4 /* Build configuration list for PBXNativeTarget "Framewerk" */;
			buildPhases = (
				6827E0C223DBF3A4008F60E4 /* Sources */,
				6827E0C323DBF3A4008F60E4 /* Frameworks */,
				6827E0C423DBF3A4008F60E4 /* Resources */,
				68F06BAB245787F100DD8DDB /* Embed Watch Content */,
			);
			buildRules = (
			);
			dependencies = (
				68F06BA9245787F100DD8DDB /* PBXTargetDependency */,
			);
			name = Framewerk;
			productName = Framewerk;
			productReference = 6827E0C623DBF3A4008F60E4 /* Framewerk.app */;
			productType = "com.apple.product-type.application";
		};
		68F06B85245787EF00DD8DDB /* FramwerkWatch */ = {
			isa = PBXNativeTarget;
			buildConfigurationList = 68F06BB2245787F100DD8DDB /* Build configuration list for PBXNativeTarget "FramwerkWatch" */;
			buildPhases = (
				68F06B84245787EF00DD8DDB /* Resources */,
				68F06BAE245787F100DD8DDB /* Embed App Extensions */,
			);
			buildRules = (
			);
			dependencies = (
				68F06B95245787F100DD8DDB /* PBXTargetDependency */,
			);
			name = FramwerkWatch;
			productName = FramwerkWatch;
			productReference = 68F06B86245787EF00DD8DDB /* FramwerkWatch.app */;
			productType = "com.apple.product-type.application.watchapp2";
		};
		68F06B91245787F100DD8DDB /* FramwerkWatch Extension */ = {
			isa = PBXNativeTarget;
			buildConfigurationList = 68F06BB1245787F100DD8DDB /* Build configuration list for PBXNativeTarget "FramwerkWatch Extension" */;
			buildPhases = (
				68F06B8E245787F100DD8DDB /* Sources */,
				68F06B8F245787F100DD8DDB /* Frameworks */,
				68F06B90245787F100DD8DDB /* Resources */,
			);
			buildRules = (
			);
			dependencies = (
			);
			name = "FramwerkWatch Extension";
			productName = "FramwerkWatch Extension";
			productReference = 68F06B92245787F100DD8DDB /* FramwerkWatch Extension.appex */;
			productType = "com.apple.product-type.watchkit2-extension";
		};
/* End PBXNativeTarget section */

/* Begin PBXProject section */
		6827E0BE23DBF3A4008F60E4 /* Project object */ = {
			isa = PBXProject;
			attributes = {
				LastSwiftUpdateCheck = 1140;
				LastUpgradeCheck = 1130;
				ORGANIZATIONNAME = "Neas Lease";
				TargetAttributes = {
					6827E0C523DBF3A4008F60E4 = {
						CreatedOnToolsVersion = 11.3.1;
					};
					68F06B85245787EF00DD8DDB = {
						CreatedOnToolsVersion = 11.4.1;
					};
					68F06B91245787F100DD8DDB = {
						CreatedOnToolsVersion = 11.4.1;
					};
				};
			};
			buildConfigurationList = 6827E0C123DBF3A4008F60E4 /* Build configuration list for PBXProject "Framewerk" */;
			compatibilityVersion = "Xcode 9.3";
			developmentRegion = en;
			hasScannedForEncodings = 0;
			knownRegions = (
				en,
				Base,
			);
			mainGroup = 6827E0BD23DBF3A4008F60E4;
			productRefGroup = 6827E0C723DBF3A4008F60E4 /* Products */;
			projectDirPath = "";
			projectRoot = "";
			targets = (
				6827E0C523DBF3A4008F60E4 /* Framewerk */,
				68F06B85245787EF00DD8DDB /* FramwerkWatch */,
				68F06B91245787F100DD8DDB /* FramwerkWatch Extension */,
			);
		};
/* End PBXProject section */

/* Begin PBXResourcesBuildPhase section */
		6827E0C423DBF3A4008F60E4 /* Resources */ = {
			isa = PBXResourcesBuildPhase;
			buildActionMask = 2147483647;
			files = (
				6827E0D623DBF3A7008F60E4 /* LaunchScreen.storyboard in Resources */,
				6827E0E223DCC458008F60E4 /* db.json in Resources */,
				6827E0D323DBF3A7008F60E4 /* Preview Assets.xcassets in Resources */,
				6827E0D023DBF3A7008F60E4 /* Assets.xcassets in Resources */,
			);
			runOnlyForDeploymentPostprocessing = 0;
		};
		68F06B84245787EF00DD8DDB /* Resources */ = {
			isa = PBXResourcesBuildPhase;
			buildActionMask = 2147483647;
			files = (
				68F06B8C245787F100DD8DDB /* Assets.xcassets in Resources */,
				68F06B8A245787EF00DD8DDB /* Interface.storyboard in Resources */,
			);
			runOnlyForDeploymentPostprocessing = 0;
		};
		68F06B90245787F100DD8DDB /* Resources */ = {
			isa = PBXResourcesBuildPhase;
			buildActionMask = 2147483647;
			files = (
				68422C6C2457BCCB005F7743 /* db.json in Resources */,
				68F06BA5245787F100DD8DDB /* Preview Assets.xcassets in Resources */,
				68F06BA2245787F100DD8DDB /* Assets.xcassets in Resources */,
			);
			runOnlyForDeploymentPostprocessing = 0;
		};
/* End PBXResourcesBuildPhase section */

/* Begin PBXSourcesBuildPhase section */
		6827E0C223DBF3A4008F60E4 /* Sources */ = {
			isa = PBXSourcesBuildPhase;
			buildActionMask = 2147483647;
			files = (
				68437074240AA9880018B2F9 /* CardDetail.swift in Sources */,
				68FF65EC2447E3E70019BB24 /* TutorialView.swift in Sources */,
				68F08AC52438FE6400C4F91B /* WebView.swift in Sources */,
				68437076240AAE120018B2F9 /* TextView+Extensions.swift in Sources */,
				6827E0CA23DBF3A4008F60E4 /* AppDelegate.swift in Sources */,
				68422C6A2457B400005F7743 /* WatchifiedCardStore.swift in Sources */,
				686C95F324E371C4006AE2B1 /* HostingController.swift in Sources */,
				68F8B188244E833400C16FE6 /* KeyboardResponder.swift in Sources */,
				6827E0E423DCC4F0008F60E4 /* HomeViewModel.swift in Sources */,
				6827E0CC23DBF3A4008F60E4 /* SceneDelegate.swift in Sources */,
				6827E0E023DBF491008F60E4 /* Card.swift in Sources */,
				682D6FF9244CFEA2008F08E7 /* Log.swift in Sources */,
				6827E0CE23DBF3A4008F60E4 /* HomeView.swift in Sources */,
				687E5A80244933220001572F /* View+Extensions.swift in Sources */,
				6827E0DE23DBF468008F60E4 /* CardView.swift in Sources */,
				68F08AC72439094A00C4F91B /* CardStore.swift in Sources */,
				682D6FFB244D0589008F08E7 /* FramewerkStyle.swift in Sources */,
				68EAB2CA2408A32C000D0AF1 /* CardList.swift in Sources */,
			);
			runOnlyForDeploymentPostprocessing = 0;
		};
		68F06B8E245787F100DD8DDB /* Sources */ = {
			isa = PBXSourcesBuildPhase;
			buildActionMask = 2147483647;
			files = (
				68F06B9A245787F100DD8DDB /* HostingController.swift in Sources */,
				68422C682457B13F005F7743 /* View+Extensions.swift in Sources */,
				68422C662457B120005F7743 /* Log.swift in Sources */,
				68422C672457B12F005F7743 /* HomeViewModel.swift in Sources */,
				68F06B98245787F100DD8DDB /* ContentView.swift in Sources */,
				68422C642457B108005F7743 /* Card.swift in Sources */,
				68F06B9E245787F100DD8DDB /* NotificationController.swift in Sources */,
				68F06B9C245787F100DD8DDB /* ExtensionDelegate.swift in Sources */,
				68422C632457B0FB005F7743 /* CardView.swift in Sources */,
				68422C6B2457B48B005F7743 /* CardStore.swift in Sources */,
				68F06BA0245787F100DD8DDB /* NotificationView.swift in Sources */,
			);
			runOnlyForDeploymentPostprocessing = 0;
		};
/* End PBXSourcesBuildPhase section */

/* Begin PBXTargetDependency section */
		68F06B95245787F100DD8DDB /* PBXTargetDependency */ = {
			isa = PBXTargetDependency;
			target = 68F06B91245787F100DD8DDB /* FramwerkWatch Extension */;
			targetProxy = 68F06B94245787F100DD8DDB /* PBXContainerItemProxy */;
		};
		68F06BA9245787F100DD8DDB /* PBXTargetDependency */ = {
			isa = PBXTargetDependency;
			target = 68F06B85245787EF00DD8DDB /* FramwerkWatch */;
			targetProxy = 68F06BA8245787F100DD8DDB /* PBXContainerItemProxy */;
		};
/* End PBXTargetDependency section */

/* Begin PBXVariantGroup section */
		6827E0D423DBF3A7008F60E4 /* LaunchScreen.storyboard */ = {
			isa = PBXVariantGroup;
			children = (
				6827E0D523DBF3A7008F60E4 /* Base */,
			);
			name = LaunchScreen.storyboard;
			sourceTree = "<group>";
		};
		68F06B88245787EF00DD8DDB /* Interface.storyboard */ = {
			isa = PBXVariantGroup;
			children = (
				68F06B89245787EF00DD8DDB /* Base */,
			);
			name = Interface.storyboard;
			sourceTree = "<group>";
		};
/* End PBXVariantGroup section */

/* Begin XCBuildConfiguration section */
		6827E0D823DBF3A7008F60E4 /* Debug */ = {
			isa = XCBuildConfiguration;
			buildSettings = {
				ALWAYS_SEARCH_USER_PATHS = NO;
				CLANG_ANALYZER_NONNULL = YES;
				CLANG_ANALYZER_NUMBER_OBJECT_CONVERSION = YES_AGGRESSIVE;
				CLANG_CXX_LANGUAGE_STANDARD = "gnu++14";
				CLANG_CXX_LIBRARY = "libc++";
				CLANG_ENABLE_MODULES = YES;
				CLANG_ENABLE_OBJC_ARC = YES;
				CLANG_ENABLE_OBJC_WEAK = YES;
				CLANG_WARN_BLOCK_CAPTURE_AUTORELEASING = YES;
				CLANG_WARN_BOOL_CONVERSION = YES;
				CLANG_WARN_COMMA = YES;
				CLANG_WARN_CONSTANT_CONVERSION = YES;
				CLANG_WARN_DEPRECATED_OBJC_IMPLEMENTATIONS = YES;
				CLANG_WARN_DIRECT_OBJC_ISA_USAGE = YES_ERROR;
				CLANG_WARN_DOCUMENTATION_COMMENTS = YES;
				CLANG_WARN_EMPTY_BODY = YES;
				CLANG_WARN_ENUM_CONVERSION = YES;
				CLANG_WARN_INFINITE_RECURSION = YES;
				CLANG_WARN_INT_CONVERSION = YES;
				CLANG_WARN_NON_LITERAL_NULL_CONVERSION = YES;
				CLANG_WARN_OBJC_IMPLICIT_RETAIN_SELF = YES;
				CLANG_WARN_OBJC_LITERAL_CONVERSION = YES;
				CLANG_WARN_OBJC_ROOT_CLASS = YES_ERROR;
				CLANG_WARN_RANGE_LOOP_ANALYSIS = YES;
				CLANG_WARN_STRICT_PROTOTYPES = YES;
				CLANG_WARN_SUSPICIOUS_MOVE = YES;
				CLANG_WARN_UNGUARDED_AVAILABILITY = YES_AGGRESSIVE;
				CLANG_WARN_UNREACHABLE_CODE = YES;
				CLANG_WARN__DUPLICATE_METHOD_MATCH = YES;
				COPY_PHASE_STRIP = NO;
				DEBUG_INFORMATION_FORMAT = dwarf;
				ENABLE_STRICT_OBJC_MSGSEND = YES;
				ENABLE_TESTABILITY = YES;
				GCC_C_LANGUAGE_STANDARD = gnu11;
				GCC_DYNAMIC_NO_PIC = NO;
				GCC_NO_COMMON_BLOCKS = YES;
				GCC_OPTIMIZATION_LEVEL = 0;
				GCC_PREPROCESSOR_DEFINITIONS = (
					"DEBUG=1",
					"$(inherited)",
				);
				GCC_WARN_64_TO_32_BIT_CONVERSION = YES;
				GCC_WARN_ABOUT_RETURN_TYPE = YES_ERROR;
				GCC_WARN_UNDECLARED_SELECTOR = YES;
				GCC_WARN_UNINITIALIZED_AUTOS = YES_AGGRESSIVE;
				GCC_WARN_UNUSED_FUNCTION = YES;
				GCC_WARN_UNUSED_VARIABLE = YES;
				IPHONEOS_DEPLOYMENT_TARGET = 13.2;
				MTL_ENABLE_DEBUG_INFO = INCLUDE_SOURCE;
				MTL_FAST_MATH = YES;
				ONLY_ACTIVE_ARCH = YES;
				SDKROOT = iphoneos;
				SWIFT_ACTIVE_COMPILATION_CONDITIONS = DEBUG;
				SWIFT_OPTIMIZATION_LEVEL = "-Onone";
			};
			name = Debug;
		};
		6827E0D923DBF3A7008F60E4 /* Release */ = {
			isa = XCBuildConfiguration;
			buildSettings = {
				ALWAYS_SEARCH_USER_PATHS = NO;
				CLANG_ANALYZER_NONNULL = YES;
				CLANG_ANALYZER_NUMBER_OBJECT_CONVERSION = YES_AGGRESSIVE;
				CLANG_CXX_LANGUAGE_STANDARD = "gnu++14";
				CLANG_CXX_LIBRARY = "libc++";
				CLANG_ENABLE_MODULES = YES;
				CLANG_ENABLE_OBJC_ARC = YES;
				CLANG_ENABLE_OBJC_WEAK = YES;
				CLANG_WARN_BLOCK_CAPTURE_AUTORELEASING = YES;
				CLANG_WARN_BOOL_CONVERSION = YES;
				CLANG_WARN_COMMA = YES;
				CLANG_WARN_CONSTANT_CONVERSION = YES;
				CLANG_WARN_DEPRECATED_OBJC_IMPLEMENTATIONS = YES;
				CLANG_WARN_DIRECT_OBJC_ISA_USAGE = YES_ERROR;
				CLANG_WARN_DOCUMENTATION_COMMENTS = YES;
				CLANG_WARN_EMPTY_BODY = YES;
				CLANG_WARN_ENUM_CONVERSION = YES;
				CLANG_WARN_INFINITE_RECURSION = YES;
				CLANG_WARN_INT_CONVERSION = YES;
				CLANG_WARN_NON_LITERAL_NULL_CONVERSION = YES;
				CLANG_WARN_OBJC_IMPLICIT_RETAIN_SELF = YES;
				CLANG_WARN_OBJC_LITERAL_CONVERSION = YES;
				CLANG_WARN_OBJC_ROOT_CLASS = YES_ERROR;
				CLANG_WARN_RANGE_LOOP_ANALYSIS = YES;
				CLANG_WARN_STRICT_PROTOTYPES = YES;
				CLANG_WARN_SUSPICIOUS_MOVE = YES;
				CLANG_WARN_UNGUARDED_AVAILABILITY = YES_AGGRESSIVE;
				CLANG_WARN_UNREACHABLE_CODE = YES;
				CLANG_WARN__DUPLICATE_METHOD_MATCH = YES;
				COPY_PHASE_STRIP = NO;
				DEBUG_INFORMATION_FORMAT = "dwarf-with-dsym";
				ENABLE_NS_ASSERTIONS = NO;
				ENABLE_STRICT_OBJC_MSGSEND = YES;
				GCC_C_LANGUAGE_STANDARD = gnu11;
				GCC_NO_COMMON_BLOCKS = YES;
				GCC_WARN_64_TO_32_BIT_CONVERSION = YES;
				GCC_WARN_ABOUT_RETURN_TYPE = YES_ERROR;
				GCC_WARN_UNDECLARED_SELECTOR = YES;
				GCC_WARN_UNINITIALIZED_AUTOS = YES_AGGRESSIVE;
				GCC_WARN_UNUSED_FUNCTION = YES;
				GCC_WARN_UNUSED_VARIABLE = YES;
				IPHONEOS_DEPLOYMENT_TARGET = 13.2;
				MTL_ENABLE_DEBUG_INFO = NO;
				MTL_FAST_MATH = YES;
				SDKROOT = iphoneos;
				SWIFT_COMPILATION_MODE = wholemodule;
				SWIFT_OPTIMIZATION_LEVEL = "-O";
				VALIDATE_PRODUCT = YES;
			};
			name = Release;
		};
		6827E0DB23DBF3A7008F60E4 /* Debug */ = {
			isa = XCBuildConfiguration;
			buildSettings = {
				ASSETCATALOG_COMPILER_APPICON_NAME = AppIcon;
				CODE_SIGN_ENTITLEMENTS = Framewerk/Framewerk.entitlements;
				CODE_SIGN_STYLE = Automatic;
				CURRENT_PROJECT_VERSION = 1;
				DEVELOPMENT_ASSET_PATHS = "\"Framewerk/Preview Content\"";
				DEVELOPMENT_TEAM = 6G246VB5CG;
				ENABLE_PREVIEWS = YES;
				INFOPLIST_FILE = Framewerk/app/Info.plist;
				IPHONEOS_DEPLOYMENT_TARGET = 13.0;
				LD_RUNPATH_SEARCH_PATHS = (
					"$(inherited)",
					"@executable_path/Frameworks",
				);
				MARKETING_VERSION = 1.2;
				PRODUCT_BUNDLE_IDENTIFIER = neas.lease.Framewerk;
				PRODUCT_NAME = "$(TARGET_NAME)";
				SWIFT_VERSION = 5.0;
				TARGETED_DEVICE_FAMILY = "1,2";
			};
			name = Debug;
		};
		6827E0DC23DBF3A7008F60E4 /* Release */ = {
			isa = XCBuildConfiguration;
			buildSettings = {
				ASSETCATALOG_COMPILER_APPICON_NAME = AppIcon;
				CODE_SIGN_ENTITLEMENTS = Framewerk/Framewerk.entitlements;
				CODE_SIGN_STYLE = Automatic;
				CURRENT_PROJECT_VERSION = 1;
				DEVELOPMENT_ASSET_PATHS = "\"Framewerk/Preview Content\"";
				DEVELOPMENT_TEAM = 6G246VB5CG;
				ENABLE_PREVIEWS = YES;
				INFOPLIST_FILE = Framewerk/app/Info.plist;
				IPHONEOS_DEPLOYMENT_TARGET = 13.0;
				LD_RUNPATH_SEARCH_PATHS = (
					"$(inherited)",
					"@executable_path/Frameworks",
				);
				MARKETING_VERSION = 1.2;
				PRODUCT_BUNDLE_IDENTIFIER = neas.lease.Framewerk;
				PRODUCT_NAME = "$(TARGET_NAME)";
				SWIFT_VERSION = 5.0;
				TARGETED_DEVICE_FAMILY = "1,2";
			};
			name = Release;
		};
		68F06BAC245787F100DD8DDB /* Debug */ = {
			isa = XCBuildConfiguration;
			buildSettings = {
				ALWAYS_EMBED_SWIFT_STANDARD_LIBRARIES = YES;
				ASSETCATALOG_COMPILER_APPICON_NAME = AppIcon;
				CODE_SIGN_STYLE = Automatic;
				CURRENT_PROJECT_VERSION = 1;
				DEVELOPMENT_TEAM = 6G246VB5CG;
				IBSC_MODULE = FramwerkWatch_Extension;
				INFOPLIST_FILE = FramwerkWatch/Info.plist;
				MARKETING_VERSION = 1.2;
				PRODUCT_BUNDLE_IDENTIFIER = neas.lease.Framewerk.watchkitapp;
				PRODUCT_NAME = "$(TARGET_NAME)";
				SDKROOT = watchos;
				SKIP_INSTALL = YES;
				SWIFT_VERSION = 5.0;
				TARGETED_DEVICE_FAMILY = 4;
				WATCHOS_DEPLOYMENT_TARGET = 6.2;
			};
			name = Debug;
		};
		68F06BAD245787F100DD8DDB /* Release */ = {
			isa = XCBuildConfiguration;
			buildSettings = {
				ALWAYS_EMBED_SWIFT_STANDARD_LIBRARIES = YES;
				ASSETCATALOG_COMPILER_APPICON_NAME = AppIcon;
				CODE_SIGN_STYLE = Automatic;
				CURRENT_PROJECT_VERSION = 1;
				DEVELOPMENT_TEAM = 6G246VB5CG;
				IBSC_MODULE = FramwerkWatch_Extension;
				INFOPLIST_FILE = FramwerkWatch/Info.plist;
				MARKETING_VERSION = 1.2;
				PRODUCT_BUNDLE_IDENTIFIER = neas.lease.Framewerk.watchkitapp;
				PRODUCT_NAME = "$(TARGET_NAME)";
				SDKROOT = watchos;
				SKIP_INSTALL = YES;
				SWIFT_VERSION = 5.0;
				TARGETED_DEVICE_FAMILY = 4;
				WATCHOS_DEPLOYMENT_TARGET = 6.2;
			};
			name = Release;
		};
		68F06BAF245787F100DD8DDB /* Debug */ = {
			isa = XCBuildConfiguration;
			buildSettings = {
				ASSETCATALOG_COMPILER_COMPLICATION_NAME = Complication;
				CODE_SIGN_STYLE = Automatic;
				CURRENT_PROJECT_VERSION = 1;
				DEVELOPMENT_ASSET_PATHS = "\"FramwerkWatch Extension/Preview Content\"";
				DEVELOPMENT_TEAM = 6G246VB5CG;
				ENABLE_PREVIEWS = YES;
				INFOPLIST_FILE = "FramwerkWatch Extension/Info.plist";
				LD_RUNPATH_SEARCH_PATHS = (
					"$(inherited)",
					"@executable_path/Frameworks",
					"@executable_path/../../Frameworks",
				);
				MARKETING_VERSION = 1.2;
				PRODUCT_BUNDLE_IDENTIFIER = neas.lease.Framewerk.watchkitapp.watchkitextension;
				PRODUCT_NAME = "${TARGET_NAME}";
				SDKROOT = watchos;
				SKIP_INSTALL = YES;
				SWIFT_VERSION = 5.0;
				TARGETED_DEVICE_FAMILY = 4;
				WATCHOS_DEPLOYMENT_TARGET = 6.2;
			};
			name = Debug;
		};
		68F06BB0245787F100DD8DDB /* Release */ = {
			isa = XCBuildConfiguration;
			buildSettings = {
				ASSETCATALOG_COMPILER_COMPLICATION_NAME = Complication;
				CODE_SIGN_STYLE = Automatic;
				CURRENT_PROJECT_VERSION = 1;
				DEVELOPMENT_ASSET_PATHS = "\"FramwerkWatch Extension/Preview Content\"";
				DEVELOPMENT_TEAM = 6G246VB5CG;
				ENABLE_PREVIEWS = YES;
				INFOPLIST_FILE = "FramwerkWatch Extension/Info.plist";
				LD_RUNPATH_SEARCH_PATHS = (
					"$(inherited)",
					"@executable_path/Frameworks",
					"@executable_path/../../Frameworks",
				);
				MARKETING_VERSION = 1.2;
				PRODUCT_BUNDLE_IDENTIFIER = neas.lease.Framewerk.watchkitapp.watchkitextension;
				PRODUCT_NAME = "${TARGET_NAME}";
				SDKROOT = watchos;
				SKIP_INSTALL = YES;
				SWIFT_VERSION = 5.0;
				TARGETED_DEVICE_FAMILY = 4;
				WATCHOS_DEPLOYMENT_TARGET = 6.2;
			};
			name = Release;
		};
/* End XCBuildConfiguration section */

/* Begin XCConfigurationList section */
		6827E0C123DBF3A4008F60E4 /* Build configuration list for PBXProject "Framewerk" */ = {
			isa = XCConfigurationList;
			buildConfigurations = (
				6827E0D823DBF3A7008F60E4 /* Debug */,
				6827E0D923DBF3A7008F60E4 /* Release */,
			);
			defaultConfigurationIsVisible = 0;
			defaultConfigurationName = Release;
		};
		6827E0DA23DBF3A7008F60E4 /* Build configuration list for PBXNativeTarget "Framewerk" */ = {
			isa = XCConfigurationList;
			buildConfigurations = (
				6827E0DB23DBF3A7008F60E4 /* Debug */,
				6827E0DC23DBF3A7008F60E4 /* Release */,
			);
			defaultConfigurationIsVisible = 0;
			defaultConfigurationName = Release;
		};
		68F06BB1245787F100DD8DDB /* Build configuration list for PBXNativeTarget "FramwerkWatch Extension" */ = {
			isa = XCConfigurationList;
			buildConfigurations = (
				68F06BAF245787F100DD8DDB /* Debug */,
				68F06BB0245787F100DD8DDB /* Release */,
			);
			defaultConfigurationIsVisible = 0;
			defaultConfigurationName = Release;
		};
		68F06BB2245787F100DD8DDB /* Build configuration list for PBXNativeTarget "FramwerkWatch" */ = {
			isa = XCConfigurationList;
			buildConfigurations = (
				68F06BAC245787F100DD8DDB /* Debug */,
				68F06BAD245787F100DD8DDB /* Release */,
			);
			defaultConfigurationIsVisible = 0;
			defaultConfigurationName = Release;
		};
/* End XCConfigurationList section */
	};
	rootObject = 6827E0BE23DBF3A4008F60E4 /* Project object */;
}
