// !$*UTF8*$!
{
	archiveVersion = 1;
	classes = {
	};
	objectVersion = 50;
	objects = {

/* Begin PBXBuildFile section */
		6827E0CA23DBF3A4008F60E4 /* AppDelegate.swift in Sources */ = {isa = PBXBuildFile; fileRef = 6827E0C923DBF3A4008F60E4 /* AppDelegate.swift */; };
		6827E0CC23DBF3A4008F60E4 /* SceneDelegate.swift in Sources */ = {isa = PBXBuildFile; fileRef = 6827E0CB23DBF3A4008F60E4 /* SceneDelegate.swift */; };
		6827E0CE23DBF3A4008F60E4 /* ContentView.swift in Sources */ = {isa = PBXBuildFile; fileRef = 6827E0CD23DBF3A4008F60E4 /* ContentView.swift */; };
		6827E0D023DBF3A7008F60E4 /* Assets.xcassets in Resources */ = {isa = PBXBuildFile; fileRef = 6827E0CF23DBF3A7008F60E4 /* Assets.xcassets */; };
		6827E0D323DBF3A7008F60E4 /* Preview Assets.xcassets in Resources */ = {isa = PBXBuildFile; fileRef = 6827E0D223DBF3A7008F60E4 /* Preview Assets.xcassets */; };
		6827E0D623DBF3A7008F60E4 /* LaunchScreen.storyboard in Resources */ = {isa = PBXBuildFile; fileRef = 6827E0D423DBF3A7008F60E4 /* LaunchScreen.storyboard */; };
		6827E0DE23DBF468008F60E4 /* CardView.swift in Sources */ = {isa = PBXBuildFile; fileRef = 6827E0DD23DBF468008F60E4 /* CardView.swift */; };
		6827E0E023DBF491008F60E4 /* Card.swift in Sources */ = {isa = PBXBuildFile; fileRef = 6827E0DF23DBF491008F60E4 /* Card.swift */; };
		6827E0E223DCC458008F60E4 /* db.json in Resources */ = {isa = PBXBuildFile; fileRef = 6827E0E123DCC458008F60E4 /* db.json */; };
		6827E0E423DCC4F0008F60E4 /* ContentViewModel.swift in Sources */ = {isa = PBXBuildFile; fileRef = 6827E0E323DCC4F0008F60E4 /* ContentViewModel.swift */; };
		68437074240AA9880018B2F9 /* CardDetail.swift in Sources */ = {isa = PBXBuildFile; fileRef = 68437073240AA9880018B2F9 /* CardDetail.swift */; };
		68437076240AAE120018B2F9 /* TextView+Extensions.swift in Sources */ = {isa = PBXBuildFile; fileRef = 68437075240AAE120018B2F9 /* TextView+Extensions.swift */; };
		687E5A80244933220001572F /* View+Extensions.swift in Sources */ = {isa = PBXBuildFile; fileRef = 687E5A7F244933220001572F /* View+Extensions.swift */; };
		68EAB2CA2408A32C000D0AF1 /* CardList.swift in Sources */ = {isa = PBXBuildFile; fileRef = 68EAB2C92408A32C000D0AF1 /* CardList.swift */; };
		68F08AC52438FE6400C4F91B /* WebView.swift in Sources */ = {isa = PBXBuildFile; fileRef = 68F08AC42438FE6400C4F91B /* WebView.swift */; };
		68F08AC72439094A00C4F91B /* CardStore.swift in Sources */ = {isa = PBXBuildFile; fileRef = 68F08AC62439094A00C4F91B /* CardStore.swift */; };
		68FF65EC2447E3E70019BB24 /* Tutorial.swift in Sources */ = {isa = PBXBuildFile; fileRef = 68FF65EB2447E3E70019BB24 /* Tutorial.swift */; };
/* End PBXBuildFile section */

/* Begin PBXFileReference section */
		6827E0C623DBF3A4008F60E4 /* Framewerk.app */ = {isa = PBXFileReference; explicitFileType = wrapper.application; includeInIndex = 0; path = Framewerk.app; sourceTree = BUILT_PRODUCTS_DIR; };
		6827E0C923DBF3A4008F60E4 /* AppDelegate.swift */ = {isa = PBXFileReference; lastKnownFileType = sourcecode.swift; path = AppDelegate.swift; sourceTree = "<group>"; };
		6827E0CB23DBF3A4008F60E4 /* SceneDelegate.swift */ = {isa = PBXFileReference; lastKnownFileType = sourcecode.swift; path = SceneDelegate.swift; sourceTree = "<group>"; };
		6827E0CD23DBF3A4008F60E4 /* ContentView.swift */ = {isa = PBXFileReference; lastKnownFileType = sourcecode.swift; path = ContentView.swift; sourceTree = "<group>"; };
		6827E0CF23DBF3A7008F60E4 /* Assets.xcassets */ = {isa = PBXFileReference; lastKnownFileType = folder.assetcatalog; path = Assets.xcassets; sourceTree = "<group>"; };
		6827E0D223DBF3A7008F60E4 /* Preview Assets.xcassets */ = {isa = PBXFileReference; lastKnownFileType = folder.assetcatalog; path = "Preview Assets.xcassets"; sourceTree = "<group>"; };
		6827E0D523DBF3A7008F60E4 /* Base */ = {isa = PBXFileReference; lastKnownFileType = file.storyboard; name = Base; path = Base.lproj/LaunchScreen.storyboard; sourceTree = "<group>"; };
		6827E0D723DBF3A7008F60E4 /* Info.plist */ = {isa = PBXFileReference; lastKnownFileType = text.plist.xml; path = Info.plist; sourceTree = "<group>"; };
		6827E0DD23DBF468008F60E4 /* CardView.swift */ = {isa = PBXFileReference; lastKnownFileType = sourcecode.swift; path = CardView.swift; sourceTree = "<group>"; };
		6827E0DF23DBF491008F60E4 /* Card.swift */ = {isa = PBXFileReference; lastKnownFileType = sourcecode.swift; path = Card.swift; sourceTree = "<group>"; };
		6827E0E123DCC458008F60E4 /* db.json */ = {isa = PBXFileReference; lastKnownFileType = text.json; path = db.json; sourceTree = "<group>"; };
		6827E0E323DCC4F0008F60E4 /* ContentViewModel.swift */ = {isa = PBXFileReference; lastKnownFileType = sourcecode.swift; path = ContentViewModel.swift; sourceTree = "<group>"; };
		68437073240AA9880018B2F9 /* CardDetail.swift */ = {isa = PBXFileReference; lastKnownFileType = sourcecode.swift; path = CardDetail.swift; sourceTree = "<group>"; };
		68437075240AAE120018B2F9 /* TextView+Extensions.swift */ = {isa = PBXFileReference; lastKnownFileType = sourcecode.swift; path = "TextView+Extensions.swift"; sourceTree = "<group>"; };
		687E5A7F244933220001572F /* View+Extensions.swift */ = {isa = PBXFileReference; lastKnownFileType = sourcecode.swift; path = "View+Extensions.swift"; sourceTree = "<group>"; };
		68EAB2C92408A32C000D0AF1 /* CardList.swift */ = {isa = PBXFileReference; lastKnownFileType = sourcecode.swift; path = CardList.swift; sourceTree = "<group>"; };
		68F08AC42438FE6400C4F91B /* WebView.swift */ = {isa = PBXFileReference; lastKnownFileType = sourcecode.swift; path = WebView.swift; sourceTree = "<group>"; };
		68F08AC62439094A00C4F91B /* CardStore.swift */ = {isa = PBXFileReference; lastKnownFileType = sourcecode.swift; path = CardStore.swift; sourceTree = "<group>"; };
		68FF65EB2447E3E70019BB24 /* Tutorial.swift */ = {isa = PBXFileReference; lastKnownFileType = sourcecode.swift; path = Tutorial.swift; sourceTree = "<group>"; };
/* End PBXFileReference section */

/* Begin PBXFrameworksBuildPhase section */
		6827E0C323DBF3A4008F60E4 /* Frameworks */ = {
			isa = PBXFrameworksBuildPhase;
			buildActionMask = 2147483647;
			files = (
			);
			runOnlyForDeploymentPostprocessing = 0;
		};
/* End PBXFrameworksBuildPhase section */

/* Begin PBXGroup section */
		6827E0BD23DBF3A4008F60E4 = {
			isa = PBXGroup;
			children = (
				6827E0C823DBF3A4008F60E4 /* Framewerk */,
				6827E0C723DBF3A4008F60E4 /* Products */,
			);
			sourceTree = "<group>";
		};
		6827E0C723DBF3A4008F60E4 /* Products */ = {
			isa = PBXGroup;
			children = (
				6827E0C623DBF3A4008F60E4 /* Framewerk.app */,
			);
			name = Products;
			sourceTree = "<group>";
		};
		6827E0C823DBF3A4008F60E4 /* Framewerk */ = {
			isa = PBXGroup;
			children = (
				6827E0C923DBF3A4008F60E4 /* AppDelegate.swift */,
				6827E0CB23DBF3A4008F60E4 /* SceneDelegate.swift */,
				6827E0DF23DBF491008F60E4 /* Card.swift */,
				68437073240AA9880018B2F9 /* CardDetail.swift */,
				68EAB2C92408A32C000D0AF1 /* CardList.swift */,
				68F08AC62439094A00C4F91B /* CardStore.swift */,
				6827E0DD23DBF468008F60E4 /* CardView.swift */,
				6827E0E323DCC4F0008F60E4 /* ContentViewModel.swift */,
				6827E0CD23DBF3A4008F60E4 /* ContentView.swift */,
				68437075240AAE120018B2F9 /* TextView+Extensions.swift */,
				687E5A7F244933220001572F /* View+Extensions.swift */,
				68FF65EB2447E3E70019BB24 /* Tutorial.swift */,
				68F08AC42438FE6400C4F91B /* WebView.swift */,
				6827E0CF23DBF3A7008F60E4 /* Assets.xcassets */,
				6827E0D423DBF3A7008F60E4 /* LaunchScreen.storyboard */,
				6827E0D723DBF3A7008F60E4 /* Info.plist */,
				6827E0D123DBF3A7008F60E4 /* Preview Content */,
				6827E0E123DCC458008F60E4 /* db.json */,
			);
			path = Framewerk;
			sourceTree = "<group>";
		};
		6827E0D123DBF3A7008F60E4 /* Preview Content */ = {
			isa = PBXGroup;
			children = (
				6827E0D223DBF3A7008F60E4 /* Preview Assets.xcassets */,
			);
			path = "Preview Content";
			sourceTree = "<group>";
		};
/* End PBXGroup section */

/* Begin PBXNativeTarget section */
		6827E0C523DBF3A4008F60E4 /* Framewerk */ = {
			isa = PBXNativeTarget;
			buildConfigurationList = 6827E0DA23DBF3A7008F60E4 /* Build configuration list for PBXNativeTarget "Framewerk" */;
			buildPhases = (
				6827E0C223DBF3A4008F60E4 /* Sources */,
				6827E0C323DBF3A4008F60E4 /* Frameworks */,
				6827E0C423DBF3A4008F60E4 /* Resources */,
			);
			buildRules = (
			);
			dependencies = (
			);
			name = Framewerk;
			productName = Framewerk;
			productReference = 6827E0C623DBF3A4008F60E4 /* Framewerk.app */;
			productType = "com.apple.product-type.application";
		};
/* End PBXNativeTarget section */

/* Begin PBXProject section */
		6827E0BE23DBF3A4008F60E4 /* Project object */ = {
			isa = PBXProject;
			attributes = {
				LastSwiftUpdateCheck = 1130;
				LastUpgradeCheck = 1130;
				ORGANIZATIONNAME = "Neas Lease";
				TargetAttributes = {
					6827E0C523DBF3A4008F60E4 = {
						CreatedOnToolsVersion = 11.3.1;
					};
				};
			};
			buildConfigurationList = 6827E0C123DBF3A4008F60E4 /* Build configuration list for PBXProject "Framewerk" */;
			compatibilityVersion = "Xcode 9.3";
			developmentRegion = en;
			hasScannedForEncodings = 0;
			knownRegions = (
				en,
				Base,
			);
			mainGroup = 6827E0BD23DBF3A4008F60E4;
			productRefGroup = 6827E0C723DBF3A4008F60E4 /* Products */;
			projectDirPath = "";
			projectRoot = "";
			targets = (
				6827E0C523DBF3A4008F60E4 /* Framewerk */,
			);
		};
/* End PBXProject section */

/* Begin PBXResourcesBuildPhase section */
		6827E0C423DBF3A4008F60E4 /* Resources */ = {
			isa = PBXResourcesBuildPhase;
			buildActionMask = 2147483647;
			files = (
				6827E0D623DBF3A7008F60E4 /* LaunchScreen.storyboard in Resources */,
				6827E0E223DCC458008F60E4 /* db.json in Resources */,
				6827E0D323DBF3A7008F60E4 /* Preview Assets.xcassets in Resources */,
				6827E0D023DBF3A7008F60E4 /* Assets.xcassets in Resources */,
			);
			runOnlyForDeploymentPostprocessing = 0;
		};
/* End PBXResourcesBuildPhase section */

/* Begin PBXSourcesBuildPhase section */
		6827E0C223DBF3A4008F60E4 /* Sources */ = {
			isa = PBXSourcesBuildPhase;
			buildActionMask = 2147483647;
			files = (
				68437074240AA9880018B2F9 /* CardDetail.swift in Sources */,
				68FF65EC2447E3E70019BB24 /* Tutorial.swift in Sources */,
				68F08AC52438FE6400C4F91B /* WebView.swift in Sources */,
				68437076240AAE120018B2F9 /* TextView+Extensions.swift in Sources */,
				6827E0CA23DBF3A4008F60E4 /* AppDelegate.swift in Sources */,
				6827E0E423DCC4F0008F60E4 /* ContentViewModel.swift in Sources */,
				6827E0CC23DBF3A4008F60E4 /* SceneDelegate.swift in Sources */,
				6827E0E023DBF491008F60E4 /* Card.swift in Sources */,
				6827E0CE23DBF3A4008F60E4 /* ContentView.swift in Sources */,
				687E5A80244933220001572F /* View+Extensions.swift in Sources */,
				6827E0DE23DBF468008F60E4 /* CardView.swift in Sources */,
				68F08AC72439094A00C4F91B /* CardStore.swift in Sources */,
				68EAB2CA2408A32C000D0AF1 /* CardList.swift in Sources */,
			);
			runOnlyForDeploymentPostprocessing = 0;
		};
/* End PBXSourcesBuildPhase section */

/* Begin PBXVariantGroup section */
		6827E0D423DBF3A7008F60E4 /* LaunchScreen.storyboard */ = {
			isa = PBXVariantGroup;
			children = (
				6827E0D523DBF3A7008F60E4 /* Base */,
			);
			name = LaunchScreen.storyboard;
			sourceTree = "<group>";
		};
/* End PBXVariantGroup section */

/* Begin XCBuildConfiguration section */
		6827E0D823DBF3A7008F60E4 /* Debug */ = {
			isa = XCBuildConfiguration;
			buildSettings = {
				ALWAYS_SEARCH_USER_PATHS = NO;
				CLANG_ANALYZER_NONNULL = YES;
				CLANG_ANALYZER_NUMBER_OBJECT_CONVERSION = YES_AGGRESSIVE;
				CLANG_CXX_LANGUAGE_STANDARD = "gnu++14";
				CLANG_CXX_LIBRARY = "libc++";
				CLANG_ENABLE_MODULES = YES;
				CLANG_ENABLE_OBJC_ARC = YES;
				CLANG_ENABLE_OBJC_WEAK = YES;
				CLANG_WARN_BLOCK_CAPTURE_AUTORELEASING = YES;
				CLANG_WARN_BOOL_CONVERSION = YES;
				CLANG_WARN_COMMA = YES;
				CLANG_WARN_CONSTANT_CONVERSION = YES;
				CLANG_WARN_DEPRECATED_OBJC_IMPLEMENTATIONS = YES;
				CLANG_WARN_DIRECT_OBJC_ISA_USAGE = YES_ERROR;
				CLANG_WARN_DOCUMENTATION_COMMENTS = YES;
				CLANG_WARN_EMPTY_BODY = YES;
				CLANG_WARN_ENUM_CONVERSION = YES;
				CLANG_WARN_INFINITE_RECURSION = YES;
				CLANG_WARN_INT_CONVERSION = YES;
				CLANG_WARN_NON_LITERAL_NULL_CONVERSION = YES;
				CLANG_WARN_OBJC_IMPLICIT_RETAIN_SELF = YES;
				CLANG_WARN_OBJC_LITERAL_CONVERSION = YES;
				CLANG_WARN_OBJC_ROOT_CLASS = YES_ERROR;
				CLANG_WARN_RANGE_LOOP_ANALYSIS = YES;
				CLANG_WARN_STRICT_PROTOTYPES = YES;
				CLANG_WARN_SUSPICIOUS_MOVE = YES;
				CLANG_WARN_UNGUARDED_AVAILABILITY = YES_AGGRESSIVE;
				CLANG_WARN_UNREACHABLE_CODE = YES;
				CLANG_WARN__DUPLICATE_METHOD_MATCH = YES;
				COPY_PHASE_STRIP = NO;
				DEBUG_INFORMATION_FORMAT = dwarf;
				ENABLE_STRICT_OBJC_MSGSEND = YES;
				ENABLE_TESTABILITY = YES;
				GCC_C_LANGUAGE_STANDARD = gnu11;
				GCC_DYNAMIC_NO_PIC = NO;
				GCC_NO_COMMON_BLOCKS = YES;
				GCC_OPTIMIZATION_LEVEL = 0;
				GCC_PREPROCESSOR_DEFINITIONS = (
					"DEBUG=1",
					"$(inherited)",
				);
				GCC_WARN_64_TO_32_BIT_CONVERSION = YES;
				GCC_WARN_ABOUT_RETURN_TYPE = YES_ERROR;
				GCC_WARN_UNDECLARED_SELECTOR = YES;
				GCC_WARN_UNINITIALIZED_AUTOS = YES_AGGRESSIVE;
				GCC_WARN_UNUSED_FUNCTION = YES;
				GCC_WARN_UNUSED_VARIABLE = YES;
				IPHONEOS_DEPLOYMENT_TARGET = 13.2;
				MTL_ENABLE_DEBUG_INFO = INCLUDE_SOURCE;
				MTL_FAST_MATH = YES;
				ONLY_ACTIVE_ARCH = YES;
				SDKROOT = iphoneos;
				SWIFT_ACTIVE_COMPILATION_CONDITIONS = DEBUG;
				SWIFT_OPTIMIZATION_LEVEL = "-Onone";
			};
			name = Debug;
		};
		6827E0D923DBF3A7008F60E4 /* Release */ = {
			isa = XCBuildConfiguration;
			buildSettings = {
				ALWAYS_SEARCH_USER_PATHS = NO;
				CLANG_ANALYZER_NONNULL = YES;
				CLANG_ANALYZER_NUMBER_OBJECT_CONVERSION = YES_AGGRESSIVE;
				CLANG_CXX_LANGUAGE_STANDARD = "gnu++14";
				CLANG_CXX_LIBRARY = "libc++";
				CLANG_ENABLE_MODULES = YES;
				CLANG_ENABLE_OBJC_ARC = YES;
				CLANG_ENABLE_OBJC_WEAK = YES;
				CLANG_WARN_BLOCK_CAPTURE_AUTORELEASING = YES;
				CLANG_WARN_BOOL_CONVERSION = YES;
				CLANG_WARN_COMMA = YES;
				CLANG_WARN_CONSTANT_CONVERSION = YES;
				CLANG_WARN_DEPRECATED_OBJC_IMPLEMENTATIONS = YES;
				CLANG_WARN_DIRECT_OBJC_ISA_USAGE = YES_ERROR;
				CLANG_WARN_DOCUMENTATION_COMMENTS = YES;
				CLANG_WARN_EMPTY_BODY = YES;
				CLANG_WARN_ENUM_CONVERSION = YES;
				CLANG_WARN_INFINITE_RECURSION = YES;
				CLANG_WARN_INT_CONVERSION = YES;
				CLANG_WARN_NON_LITERAL_NULL_CONVERSION = YES;
				CLANG_WARN_OBJC_IMPLICIT_RETAIN_SELF = YES;
				CLANG_WARN_OBJC_LITERAL_CONVERSION = YES;
				CLANG_WARN_OBJC_ROOT_CLASS = YES_ERROR;
				CLANG_WARN_RANGE_LOOP_ANALYSIS = YES;
				CLANG_WARN_STRICT_PROTOTYPES = YES;
				CLANG_WARN_SUSPICIOUS_MOVE = YES;
				CLANG_WARN_UNGUARDED_AVAILABILITY = YES_AGGRESSIVE;
				CLANG_WARN_UNREACHABLE_CODE = YES;
				CLANG_WARN__DUPLICATE_METHOD_MATCH = YES;
				COPY_PHASE_STRIP = NO;
				DEBUG_INFORMATION_FORMAT = "dwarf-with-dsym";
				ENABLE_NS_ASSERTIONS = NO;
				ENABLE_STRICT_OBJC_MSGSEND = YES;
				GCC_C_LANGUAGE_STANDARD = gnu11;
				GCC_NO_COMMON_BLOCKS = YES;
				GCC_WARN_64_TO_32_BIT_CONVERSION = YES;
				GCC_WARN_ABOUT_RETURN_TYPE = YES_ERROR;
				GCC_WARN_UNDECLARED_SELECTOR = YES;
				GCC_WARN_UNINITIALIZED_AUTOS = YES_AGGRESSIVE;
				GCC_WARN_UNUSED_FUNCTION = YES;
				GCC_WARN_UNUSED_VARIABLE = YES;
				IPHONEOS_DEPLOYMENT_TARGET = 13.2;
				MTL_ENABLE_DEBUG_INFO = NO;
				MTL_FAST_MATH = YES;
				SDKROOT = iphoneos;
				SWIFT_COMPILATION_MODE = wholemodule;
				SWIFT_OPTIMIZATION_LEVEL = "-O";
				VALIDATE_PRODUCT = YES;
			};
			name = Release;
		};
		6827E0DB23DBF3A7008F60E4 /* Debug */ = {
			isa = XCBuildConfiguration;
			buildSettings = {
				ASSETCATALOG_COMPILER_APPICON_NAME = AppIcon;
				CODE_SIGN_STYLE = Automatic;
				CURRENT_PROJECT_VERSION = 8;
				DEVELOPMENT_ASSET_PATHS = "\"Framewerk/Preview Content\"";
				DEVELOPMENT_TEAM = 6G246VB5CG;
				ENABLE_PREVIEWS = YES;
				INFOPLIST_FILE = Framewerk/Info.plist;
				IPHONEOS_DEPLOYMENT_TARGET = 13.0;
				LD_RUNPATH_SEARCH_PATHS = (
					"$(inherited)",
					"@executable_path/Frameworks",
				);
				MARKETING_VERSION = 0.1;
				PRODUCT_BUNDLE_IDENTIFIER = neas.lease.Framewerk;
				PRODUCT_NAME = "$(TARGET_NAME)";
				SWIFT_VERSION = 5.0;
				TARGETED_DEVICE_FAMILY = "1,2";
			};
			name = Debug;
		};
		6827E0DC23DBF3A7008F60E4 /* Release */ = {
			isa = XCBuildConfiguration;
			buildSettings = {
				ASSETCATALOG_COMPILER_APPICON_NAME = AppIcon;
				CODE_SIGN_STYLE = Automatic;
				CURRENT_PROJECT_VERSION = 8;
				DEVELOPMENT_ASSET_PATHS = "\"Framewerk/Preview Content\"";
				DEVELOPMENT_TEAM = 6G246VB5CG;
				ENABLE_PREVIEWS = YES;
				INFOPLIST_FILE = Framewerk/Info.plist;
				IPHONEOS_DEPLOYMENT_TARGET = 13.0;
				LD_RUNPATH_SEARCH_PATHS = (
					"$(inherited)",
					"@executable_path/Frameworks",
				);
				MARKETING_VERSION = 0.1;
				PRODUCT_BUNDLE_IDENTIFIER = neas.lease.Framewerk;
				PRODUCT_NAME = "$(TARGET_NAME)";
				SWIFT_VERSION = 5.0;
				TARGETED_DEVICE_FAMILY = "1,2";
			};
			name = Release;
		};
/* End XCBuildConfiguration section */

/* Begin XCConfigurationList section */
		6827E0C123DBF3A4008F60E4 /* Build configuration list for PBXProject "Framewerk" */ = {
			isa = XCConfigurationList;
			buildConfigurations = (
				6827E0D823DBF3A7008F60E4 /* Debug */,
				6827E0D923DBF3A7008F60E4 /* Release */,
			);
			defaultConfigurationIsVisible = 0;
			defaultConfigurationName = Release;
		};
		6827E0DA23DBF3A7008F60E4 /* Build configuration list for PBXNativeTarget "Framewerk" */ = {
			isa = XCConfigurationList;
			buildConfigurations = (
				6827E0DB23DBF3A7008F60E4 /* Debug */,
				6827E0DC23DBF3A7008F60E4 /* Release */,
			);
			defaultConfigurationIsVisible = 0;
			defaultConfigurationName = Release;
		};
/* End XCConfigurationList section */
	};
	rootObject = 6827E0BE23DBF3A4008F60E4 /* Project object */;
}
